// !$*UTF8*$!
{
	archiveVersion = 1;
	classes = {
	};
	objectVersion = 50;
	objects = {

/* Begin PBXBuildFile section */
		9754EDF72601CFB9006F052A /* Binding-OnChange.swift in Sources */ = {isa = PBXBuildFile; fileRef = 9754EDF62601CFB9006F052A /* Binding-OnChange.swift */; };
		9754EDFA2601D4B4006F052A /* ProjectHeaderView.swift in Sources */ = {isa = PBXBuildFile; fileRef = 9754EDF92601D4B4006F052A /* ProjectHeaderView.swift */; };
		9754EDFD2601DBFB006F052A /* Colors.xcassets in Resources */ = {isa = PBXBuildFile; fileRef = 9754EDFC2601DBFB006F052A /* Colors.xcassets */; };
		9754EE002601DCEF006F052A /* EditProjectView.swift in Sources */ = {isa = PBXBuildFile; fileRef = 9754EDFF2601DCEF006F052A /* EditProjectView.swift */; };
		9754EE032601F7FE006F052A /* Sequence-Sorting.swift in Sources */ = {isa = PBXBuildFile; fileRef = 9754EE022601F7FE006F052A /* Sequence-Sorting.swift */; };
		9754EE062601FE03006F052A /* SelectSomethingView.swift in Sources */ = {isa = PBXBuildFile; fileRef = 9754EE052601FE03006F052A /* SelectSomethingView.swift */; };
		9754EE092601FFEF006F052A /* Bundle-Decodable.swift in Sources */ = {isa = PBXBuildFile; fileRef = 9754EE082601FFEF006F052A /* Bundle-Decodable.swift */; };
		9754EE0F260205DB006F052A /* Award.swift in Sources */ = {isa = PBXBuildFile; fileRef = 9754EE0E260205DB006F052A /* Award.swift */; };
		9754EE1226020674006F052A /* AwardsView.swift in Sources */ = {isa = PBXBuildFile; fileRef = 9754EE1126020674006F052A /* AwardsView.swift */; };
		9754EE1526020ED2006F052A /* Color-Additions.swift in Sources */ = {isa = PBXBuildFile; fileRef = 9754EE1426020ED2006F052A /* Color-Additions.swift */; };
		9754EE1D26022AA6006F052A /* Localizable.strings in Resources */ = {isa = PBXBuildFile; fileRef = 9754EE1F26022AA6006F052A /* Localizable.strings */; };
		9754EE2226022B36006F052A /* Localizable.stringsdict in Resources */ = {isa = PBXBuildFile; fileRef = 9754EE2426022B36006F052A /* Localizable.stringsdict */; };
		9754EE2826022D30006F052A /* Awards.json in Resources */ = {isa = PBXBuildFile; fileRef = 9754EE2A26022D30006F052A /* Awards.json */; };
		9754EE2F260249EE006F052A /* ItemListView.swift in Sources */ = {isa = PBXBuildFile; fileRef = 9754EE2E260249EE006F052A /* ItemListView.swift */; };
		9754EE3226024AD6006F052A /* ProjectSummaryView.swift in Sources */ = {isa = PBXBuildFile; fileRef = 9754EE3126024AD6006F052A /* ProjectSummaryView.swift */; };
		9754EE3526025233006F052A /* ItemListRowView.swift in Sources */ = {isa = PBXBuildFile; fileRef = 9754EE3426025233006F052A /* ItemListRowView.swift */; };
		97EAF799260103E3004201DD /* UltimatePortfolioApp.swift in Sources */ = {isa = PBXBuildFile; fileRef = 97EAF798260103E3004201DD /* UltimatePortfolioApp.swift */; };
		97EAF79B260103E3004201DD /* ContentView.swift in Sources */ = {isa = PBXBuildFile; fileRef = 97EAF79A260103E3004201DD /* ContentView.swift */; };
		97EAF79D260103E3004201DD /* Assets.xcassets in Resources */ = {isa = PBXBuildFile; fileRef = 97EAF79C260103E3004201DD /* Assets.xcassets */; };
		97EAF7A0260103E3004201DD /* Preview Assets.xcassets in Resources */ = {isa = PBXBuildFile; fileRef = 97EAF79F260103E3004201DD /* Preview Assets.xcassets */; };
		97EB8E2526010F3C00686A52 /* Main.xcdatamodeld in Sources */ = {isa = PBXBuildFile; fileRef = 97EB8E2326010F3C00686A52 /* Main.xcdatamodeld */; };
		97EB8E282601109B00686A52 /* DataController.swift in Sources */ = {isa = PBXBuildFile; fileRef = 97EB8E272601109B00686A52 /* DataController.swift */; };
		97EB8E2E260114A100686A52 /* CloudKit.framework in Frameworks */ = {isa = PBXBuildFile; fileRef = 97EB8E2D260114A100686A52 /* CloudKit.framework */; };
		97EB8E302601162300686A52 /* HomeView.swift in Sources */ = {isa = PBXBuildFile; fileRef = 97EB8E2F2601162300686A52 /* HomeView.swift */; };
		97EB8E332601170A00686A52 /* ProjectsView.swift in Sources */ = {isa = PBXBuildFile; fileRef = 97EB8E322601170A00686A52 /* ProjectsView.swift */; };
		97EB8E3626011EA300686A52 /* Item-CoreDataHelpers.swift in Sources */ = {isa = PBXBuildFile; fileRef = 97EB8E3526011EA300686A52 /* Item-CoreDataHelpers.swift */; };
		97EB8E3926011F9300686A52 /* Project-CoreDataHelpers.swift in Sources */ = {isa = PBXBuildFile; fileRef = 97EB8E3826011F9300686A52 /* Project-CoreDataHelpers.swift */; };
		97EB8E3C260126B200686A52 /* EditItemView.swift in Sources */ = {isa = PBXBuildFile; fileRef = 97EB8E3B260126B200686A52 /* EditItemView.swift */; };
		97EB8E3F26012AA100686A52 /* ItemRowView.swift in Sources */ = {isa = PBXBuildFile; fileRef = 97EB8E3E26012AA100686A52 /* ItemRowView.swift */; };
/* End PBXBuildFile section */

/* Begin PBXFileReference section */
		9754EDF62601CFB9006F052A /* Binding-OnChange.swift */ = {isa = PBXFileReference; lastKnownFileType = sourcecode.swift; path = "Binding-OnChange.swift"; sourceTree = "<group>"; };
		9754EDF92601D4B4006F052A /* ProjectHeaderView.swift */ = {isa = PBXFileReference; lastKnownFileType = sourcecode.swift; path = ProjectHeaderView.swift; sourceTree = "<group>"; };
		9754EDFC2601DBFB006F052A /* Colors.xcassets */ = {isa = PBXFileReference; lastKnownFileType = folder.assetcatalog; path = Colors.xcassets; sourceTree = "<group>"; };
		9754EDFF2601DCEF006F052A /* EditProjectView.swift */ = {isa = PBXFileReference; lastKnownFileType = sourcecode.swift; path = EditProjectView.swift; sourceTree = "<group>"; };
		9754EE022601F7FE006F052A /* Sequence-Sorting.swift */ = {isa = PBXFileReference; lastKnownFileType = sourcecode.swift; path = "Sequence-Sorting.swift"; sourceTree = "<group>"; };
		9754EE052601FE03006F052A /* SelectSomethingView.swift */ = {isa = PBXFileReference; lastKnownFileType = sourcecode.swift; path = SelectSomethingView.swift; sourceTree = "<group>"; };
		9754EE082601FFEF006F052A /* Bundle-Decodable.swift */ = {isa = PBXFileReference; lastKnownFileType = sourcecode.swift; path = "Bundle-Decodable.swift"; sourceTree = "<group>"; };
		9754EE0E260205DB006F052A /* Award.swift */ = {isa = PBXFileReference; lastKnownFileType = sourcecode.swift; path = Award.swift; sourceTree = "<group>"; };
		9754EE1126020674006F052A /* AwardsView.swift */ = {isa = PBXFileReference; lastKnownFileType = sourcecode.swift; path = AwardsView.swift; sourceTree = "<group>"; };
		9754EE1426020ED2006F052A /* Color-Additions.swift */ = {isa = PBXFileReference; lastKnownFileType = sourcecode.swift; path = "Color-Additions.swift"; sourceTree = "<group>"; };
		9754EE1E26022AA6006F052A /* en */ = {isa = PBXFileReference; lastKnownFileType = text.plist.strings; name = en; path = en.lproj/Localizable.strings; sourceTree = "<group>"; };
		9754EE2126022AB2006F052A /* hu */ = {isa = PBXFileReference; lastKnownFileType = text.plist.strings; name = hu; path = hu.lproj/Localizable.strings; sourceTree = "<group>"; };
		9754EE2326022B36006F052A /* en */ = {isa = PBXFileReference; lastKnownFileType = text.plist.stringsdict; name = en; path = en.lproj/Localizable.stringsdict; sourceTree = "<group>"; };
		9754EE2626022B3A006F052A /* hu */ = {isa = PBXFileReference; lastKnownFileType = text.plist.stringsdict; name = hu; path = hu.lproj/Localizable.stringsdict; sourceTree = "<group>"; };
		9754EE2926022D30006F052A /* en */ = {isa = PBXFileReference; lastKnownFileType = text.json; name = en; path = en.lproj/Awards.json; sourceTree = "<group>"; };
		9754EE2C26022D3A006F052A /* hu */ = {isa = PBXFileReference; lastKnownFileType = text.json; name = hu; path = hu.lproj/Awards.json; sourceTree = "<group>"; };
		9754EE2E260249EE006F052A /* ItemListView.swift */ = {isa = PBXFileReference; lastKnownFileType = sourcecode.swift; path = ItemListView.swift; sourceTree = "<group>"; };
		9754EE3126024AD6006F052A /* ProjectSummaryView.swift */ = {isa = PBXFileReference; lastKnownFileType = sourcecode.swift; path = ProjectSummaryView.swift; sourceTree = "<group>"; };
		9754EE3426025233006F052A /* ItemListRowView.swift */ = {isa = PBXFileReference; lastKnownFileType = sourcecode.swift; path = ItemListRowView.swift; sourceTree = "<group>"; };
		97EAF795260103E3004201DD /* UltimatePortfolio.app */ = {isa = PBXFileReference; explicitFileType = wrapper.application; includeInIndex = 0; path = UltimatePortfolio.app; sourceTree = BUILT_PRODUCTS_DIR; };
		97EAF798260103E3004201DD /* UltimatePortfolioApp.swift */ = {isa = PBXFileReference; lastKnownFileType = sourcecode.swift; path = UltimatePortfolioApp.swift; sourceTree = "<group>"; };
		97EAF79A260103E3004201DD /* ContentView.swift */ = {isa = PBXFileReference; lastKnownFileType = sourcecode.swift; path = ContentView.swift; sourceTree = "<group>"; };
		97EAF79C260103E3004201DD /* Assets.xcassets */ = {isa = PBXFileReference; lastKnownFileType = folder.assetcatalog; path = Assets.xcassets; sourceTree = "<group>"; };
		97EAF79F260103E3004201DD /* Preview Assets.xcassets */ = {isa = PBXFileReference; lastKnownFileType = folder.assetcatalog; path = "Preview Assets.xcassets"; sourceTree = "<group>"; };
		97EAF7A1260103E3004201DD /* Info.plist */ = {isa = PBXFileReference; lastKnownFileType = text.plist.xml; path = Info.plist; sourceTree = "<group>"; };
		97EB8E2426010F3C00686A52 /* Main.xcdatamodel */ = {isa = PBXFileReference; lastKnownFileType = wrapper.xcdatamodel; path = Main.xcdatamodel; sourceTree = "<group>"; };
		97EB8E272601109B00686A52 /* DataController.swift */ = {isa = PBXFileReference; lastKnownFileType = sourcecode.swift; path = DataController.swift; sourceTree = "<group>"; };
		97EB8E2A2601148100686A52 /* UltimatePortfolio.entitlements */ = {isa = PBXFileReference; lastKnownFileType = text.plist.entitlements; path = UltimatePortfolio.entitlements; sourceTree = "<group>"; };
		97EB8E2D260114A100686A52 /* CloudKit.framework */ = {isa = PBXFileReference; lastKnownFileType = wrapper.framework; name = CloudKit.framework; path = System/Library/Frameworks/CloudKit.framework; sourceTree = SDKROOT; };
		97EB8E2F2601162300686A52 /* HomeView.swift */ = {isa = PBXFileReference; lastKnownFileType = sourcecode.swift; path = HomeView.swift; sourceTree = "<group>"; };
		97EB8E322601170A00686A52 /* ProjectsView.swift */ = {isa = PBXFileReference; lastKnownFileType = sourcecode.swift; path = ProjectsView.swift; sourceTree = "<group>"; };
		97EB8E3526011EA300686A52 /* Item-CoreDataHelpers.swift */ = {isa = PBXFileReference; lastKnownFileType = sourcecode.swift; path = "Item-CoreDataHelpers.swift"; sourceTree = "<group>"; };
		97EB8E3826011F9300686A52 /* Project-CoreDataHelpers.swift */ = {isa = PBXFileReference; lastKnownFileType = sourcecode.swift; path = "Project-CoreDataHelpers.swift"; sourceTree = "<group>"; };
		97EB8E3B260126B200686A52 /* EditItemView.swift */ = {isa = PBXFileReference; lastKnownFileType = sourcecode.swift; path = EditItemView.swift; sourceTree = "<group>"; };
		97EB8E3E26012AA100686A52 /* ItemRowView.swift */ = {isa = PBXFileReference; lastKnownFileType = sourcecode.swift; path = ItemRowView.swift; sourceTree = "<group>"; };
/* End PBXFileReference section */

/* Begin PBXFrameworksBuildPhase section */
		97EAF792260103E3004201DD /* Frameworks */ = {
			isa = PBXFrameworksBuildPhase;
			buildActionMask = 2147483647;
			files = (
				97EB8E2E260114A100686A52 /* CloudKit.framework in Frameworks */,
			);
			runOnlyForDeploymentPostprocessing = 0;
		};
/* End PBXFrameworksBuildPhase section */

/* Begin PBXGroup section */
		9780AD6A260334870038EBD4 /* Models */ = {
			isa = PBXGroup;
			children = (
				97EB8E3526011EA300686A52 /* Item-CoreDataHelpers.swift */,
				97EB8E3826011F9300686A52 /* Project-CoreDataHelpers.swift */,
			);
			path = Models;
			sourceTree = "<group>";
		};
		9780AD6D260334CF0038EBD4 /* Extensions */ = {
			isa = PBXGroup;
			children = (
				9780AD6A260334870038EBD4 /* Models */,
				9754EDF62601CFB9006F052A /* Binding-OnChange.swift */,
				9754EE022601F7FE006F052A /* Sequence-Sorting.swift */,
				9754EE082601FFEF006F052A /* Bundle-Decodable.swift */,
				9754EE1426020ED2006F052A /* Color-Additions.swift */,
			);
			path = Extensions;
			sourceTree = "<group>";
		};
		9780AD6E260334E40038EBD4 /* Localizations */ = {
			isa = PBXGroup;
			children = (
				9754EE1F26022AA6006F052A /* Localizable.strings */,
				9754EE2426022B36006F052A /* Localizable.stringsdict */,
			);
			path = Localizations;
			sourceTree = "<group>";
		};
		9780AD6F260334FA0038EBD4 /* Configuration */ = {
			isa = PBXGroup;
			children = (
				97EB8E2A2601148100686A52 /* UltimatePortfolio.entitlements */,
				97EAF7A1260103E3004201DD /* Info.plist */,
				97EB8E2326010F3C00686A52 /* Main.xcdatamodeld */,
			);
			path = Configuration;
			sourceTree = "<group>";
		};
		9780AD732603364D0038EBD4 /* Activities */ = {
			isa = PBXGroup;
			children = (
				9780AD74260336620038EBD4 /* Home */,
				9780AD75260336680038EBD4 /* Projects */,
				9780AD76260336710038EBD4 /* Awards */,
			);
			path = Activities;
			sourceTree = "<group>";
		};
		9780AD74260336620038EBD4 /* Home */ = {
			isa = PBXGroup;
			children = (
				97EB8E2F2601162300686A52 /* HomeView.swift */,
				9754EE3126024AD6006F052A /* ProjectSummaryView.swift */,
				9754EE2E260249EE006F052A /* ItemListView.swift */,
				9754EE3426025233006F052A /* ItemListRowView.swift */,
			);
			path = Home;
			sourceTree = "<group>";
		};
		9780AD75260336680038EBD4 /* Projects */ = {
			isa = PBXGroup;
			children = (
				97EB8E322601170A00686A52 /* ProjectsView.swift */,
				9754EE052601FE03006F052A /* SelectSomethingView.swift */,
				9754EDF92601D4B4006F052A /* ProjectHeaderView.swift */,
				97EB8E3E26012AA100686A52 /* ItemRowView.swift */,
				97EB8E3B260126B200686A52 /* EditItemView.swift */,
				9754EDFF2601DCEF006F052A /* EditProjectView.swift */,
			);
			path = Projects;
			sourceTree = "<group>";
		};
		9780AD76260336710038EBD4 /* Awards */ = {
			isa = PBXGroup;
			children = (
				9754EE1126020674006F052A /* AwardsView.swift */,
				9754EE0E260205DB006F052A /* Award.swift */,
				9754EE2A26022D30006F052A /* Awards.json */,
			);
			path = Awards;
			sourceTree = "<group>";
		};
		97EAF78C260103E3004201DD = {
			isa = PBXGroup;
			children = (
				97EAF797260103E3004201DD /* UltimatePortfolio */,
				97EAF796260103E3004201DD /* Products */,
				97EB8E2C260114A100686A52 /* Frameworks */,
			);
			sourceTree = "<group>";
		};
		97EAF796260103E3004201DD /* Products */ = {
			isa = PBXGroup;
			children = (
				97EAF795260103E3004201DD /* UltimatePortfolio.app */,
			);
			name = Products;
			sourceTree = "<group>";
		};
		97EAF797260103E3004201DD /* UltimatePortfolio */ = {
			isa = PBXGroup;
			children = (
				9780AD732603364D0038EBD4 /* Activities */,
				9780AD6D260334CF0038EBD4 /* Extensions */,
				9780AD6E260334E40038EBD4 /* Localizations */,
				9780AD6F260334FA0038EBD4 /* Configuration */,
				97EAF798260103E3004201DD /* UltimatePortfolioApp.swift */,
				97EB8E272601109B00686A52 /* DataController.swift */,
				97EAF79A260103E3004201DD /* ContentView.swift */,
				97EAF79C260103E3004201DD /* Assets.xcassets */,
				9754EDFC2601DBFB006F052A /* Colors.xcassets */,
				97EAF79E260103E3004201DD /* Preview Content */,
			);
			path = UltimatePortfolio;
			sourceTree = "<group>";
		};
		97EAF79E260103E3004201DD /* Preview Content */ = {
			isa = PBXGroup;
			children = (
				97EAF79F260103E3004201DD /* Preview Assets.xcassets */,
			);
			path = "Preview Content";
			sourceTree = "<group>";
		};
		97EB8E2C260114A100686A52 /* Frameworks */ = {
			isa = PBXGroup;
			children = (
				97EB8E2D260114A100686A52 /* CloudKit.framework */,
			);
			name = Frameworks;
			sourceTree = "<group>";
		};
/* End PBXGroup section */

/* Begin PBXNativeTarget section */
		97EAF794260103E3004201DD /* UltimatePortfolio */ = {
			isa = PBXNativeTarget;
			buildConfigurationList = 97EAF7A4260103E3004201DD /* Build configuration list for PBXNativeTarget "UltimatePortfolio" */;
			buildPhases = (
				97EAF791260103E3004201DD /* Sources */,
				97EAF792260103E3004201DD /* Frameworks */,
				97EAF793260103E3004201DD /* Resources */,
				972BDEA4260269A700A16682 /* SwiftLint */,
			);
			buildRules = (
			);
			dependencies = (
			);
			name = UltimatePortfolio;
			productName = UltimatePortfolio;
			productReference = 97EAF795260103E3004201DD /* UltimatePortfolio.app */;
			productType = "com.apple.product-type.application";
		};
/* End PBXNativeTarget section */

/* Begin PBXProject section */
		97EAF78D260103E3004201DD /* Project object */ = {
			isa = PBXProject;
			attributes = {
				LastSwiftUpdateCheck = 1240;
				LastUpgradeCheck = 1240;
				TargetAttributes = {
					97EAF794260103E3004201DD = {
						CreatedOnToolsVersion = 12.4;
					};
				};
			};
			buildConfigurationList = 97EAF790260103E3004201DD /* Build configuration list for PBXProject "UltimatePortfolio" */;
			compatibilityVersion = "Xcode 9.3";
			developmentRegion = en;
			hasScannedForEncodings = 0;
			knownRegions = (
				en,
				Base,
				hu,
			);
			mainGroup = 97EAF78C260103E3004201DD;
			productRefGroup = 97EAF796260103E3004201DD /* Products */;
			projectDirPath = "";
			projectRoot = "";
			targets = (
				97EAF794260103E3004201DD /* UltimatePortfolio */,
			);
		};
/* End PBXProject section */

/* Begin PBXResourcesBuildPhase section */
		97EAF793260103E3004201DD /* Resources */ = {
			isa = PBXResourcesBuildPhase;
			buildActionMask = 2147483647;
			files = (
				9754EE1D26022AA6006F052A /* Localizable.strings in Resources */,
				9754EDFD2601DBFB006F052A /* Colors.xcassets in Resources */,
				9754EE2826022D30006F052A /* Awards.json in Resources */,
				97EAF7A0260103E3004201DD /* Preview Assets.xcassets in Resources */,
				97EAF79D260103E3004201DD /* Assets.xcassets in Resources */,
				9754EE2226022B36006F052A /* Localizable.stringsdict in Resources */,
			);
			runOnlyForDeploymentPostprocessing = 0;
		};
/* End PBXResourcesBuildPhase section */

/* Begin PBXShellScriptBuildPhase section */
		972BDEA4260269A700A16682 /* SwiftLint */ = {
			isa = PBXShellScriptBuildPhase;
			buildActionMask = 2147483647;
			files = (
			);
			inputFileListPaths = (
			);
			inputPaths = (
			);
			name = SwiftLint;
			outputFileListPaths = (
			);
			outputPaths = (
			);
			runOnlyForDeploymentPostprocessing = 0;
			shellPath = /bin/sh;
			shellScript = "if test -d \"/opt/homebrew/bin/\"; then\n  PATH=\"/opt/homebrew/bin/:${PATH}\"\nfi\n\nexport PATH\n\nif which swiftlint >/dev/null; then\n  swiftlint\nelse\n  echo \"warning: SwiftLint not installed, download from https://github.com/realm/SwiftLint\"\nfi\n";
		};
/* End PBXShellScriptBuildPhase section */

/* Begin PBXSourcesBuildPhase section */
		97EAF791260103E3004201DD /* Sources */ = {
			isa = PBXSourcesBuildPhase;
			buildActionMask = 2147483647;
			files = (
				97EB8E332601170A00686A52 /* ProjectsView.swift in Sources */,
				9754EE3226024AD6006F052A /* ProjectSummaryView.swift in Sources */,
				9754EDFA2601D4B4006F052A /* ProjectHeaderView.swift in Sources */,
				9754EE1226020674006F052A /* AwardsView.swift in Sources */,
				9754EE3526025233006F052A /* ItemListRowView.swift in Sources */,
				97EB8E2526010F3C00686A52 /* Main.xcdatamodeld in Sources */,
				97EB8E3926011F9300686A52 /* Project-CoreDataHelpers.swift in Sources */,
				9754EE1526020ED2006F052A /* Color-Additions.swift in Sources */,
				9754EE002601DCEF006F052A /* EditProjectView.swift in Sources */,
				97EB8E282601109B00686A52 /* DataController.swift in Sources */,
				9754EE062601FE03006F052A /* SelectSomethingView.swift in Sources */,
				9754EE0F260205DB006F052A /* Award.swift in Sources */,
				97EB8E3F26012AA100686A52 /* ItemRowView.swift in Sources */,
				97EAF79B260103E3004201DD /* ContentView.swift in Sources */,
				9754EDF72601CFB9006F052A /* Binding-OnChange.swift in Sources */,
				9754EE032601F7FE006F052A /* Sequence-Sorting.swift in Sources */,
				9754EE092601FFEF006F052A /* Bundle-Decodable.swift in Sources */,
				9754EE2F260249EE006F052A /* ItemListView.swift in Sources */,
				97EB8E302601162300686A52 /* HomeView.swift in Sources */,
				97EAF799260103E3004201DD /* UltimatePortfolioApp.swift in Sources */,
				97EB8E3626011EA300686A52 /* Item-CoreDataHelpers.swift in Sources */,
				97EB8E3C260126B200686A52 /* EditItemView.swift in Sources */,
			);
			runOnlyForDeploymentPostprocessing = 0;
		};
/* End PBXSourcesBuildPhase section */

/* Begin PBXVariantGroup section */
		9754EE1F26022AA6006F052A /* Localizable.strings */ = {
			isa = PBXVariantGroup;
			children = (
				9754EE1E26022AA6006F052A /* en */,
				9754EE2126022AB2006F052A /* hu */,
			);
			name = Localizable.strings;
			sourceTree = "<group>";
		};
		9754EE2426022B36006F052A /* Localizable.stringsdict */ = {
			isa = PBXVariantGroup;
			children = (
				9754EE2326022B36006F052A /* en */,
				9754EE2626022B3A006F052A /* hu */,
			);
			name = Localizable.stringsdict;
			sourceTree = "<group>";
		};
		9754EE2A26022D30006F052A /* Awards.json */ = {
			isa = PBXVariantGroup;
			children = (
				9754EE2926022D30006F052A /* en */,
				9754EE2C26022D3A006F052A /* hu */,
			);
			name = Awards.json;
			sourceTree = "<group>";
		};
/* End PBXVariantGroup section */

/* Begin XCBuildConfiguration section */
		97EAF7A2260103E3004201DD /* Debug */ = {
			isa = XCBuildConfiguration;
			buildSettings = {
				ALWAYS_SEARCH_USER_PATHS = NO;
				CLANG_ANALYZER_NONNULL = YES;
				CLANG_ANALYZER_NUMBER_OBJECT_CONVERSION = YES_AGGRESSIVE;
				CLANG_CXX_LANGUAGE_STANDARD = "gnu++14";
				CLANG_CXX_LIBRARY = "libc++";
				CLANG_ENABLE_MODULES = YES;
				CLANG_ENABLE_OBJC_ARC = YES;
				CLANG_ENABLE_OBJC_WEAK = YES;
				CLANG_WARN_BLOCK_CAPTURE_AUTORELEASING = YES;
				CLANG_WARN_BOOL_CONVERSION = YES;
				CLANG_WARN_COMMA = YES;
				CLANG_WARN_CONSTANT_CONVERSION = YES;
				CLANG_WARN_DEPRECATED_OBJC_IMPLEMENTATIONS = YES;
				CLANG_WARN_DIRECT_OBJC_ISA_USAGE = YES_ERROR;
				CLANG_WARN_DOCUMENTATION_COMMENTS = YES;
				CLANG_WARN_EMPTY_BODY = YES;
				CLANG_WARN_ENUM_CONVERSION = YES;
				CLANG_WARN_INFINITE_RECURSION = YES;
				CLANG_WARN_INT_CONVERSION = YES;
				CLANG_WARN_NON_LITERAL_NULL_CONVERSION = YES;
				CLANG_WARN_OBJC_IMPLICIT_RETAIN_SELF = YES;
				CLANG_WARN_OBJC_LITERAL_CONVERSION = YES;
				CLANG_WARN_OBJC_ROOT_CLASS = YES_ERROR;
				CLANG_WARN_QUOTED_INCLUDE_IN_FRAMEWORK_HEADER = YES;
				CLANG_WARN_RANGE_LOOP_ANALYSIS = YES;
				CLANG_WARN_STRICT_PROTOTYPES = YES;
				CLANG_WARN_SUSPICIOUS_MOVE = YES;
				CLANG_WARN_UNGUARDED_AVAILABILITY = YES_AGGRESSIVE;
				CLANG_WARN_UNREACHABLE_CODE = YES;
				CLANG_WARN__DUPLICATE_METHOD_MATCH = YES;
				COPY_PHASE_STRIP = NO;
				DEBUG_INFORMATION_FORMAT = dwarf;
				ENABLE_STRICT_OBJC_MSGSEND = YES;
				ENABLE_TESTABILITY = YES;
				GCC_C_LANGUAGE_STANDARD = gnu11;
				GCC_DYNAMIC_NO_PIC = NO;
				GCC_NO_COMMON_BLOCKS = YES;
				GCC_OPTIMIZATION_LEVEL = 0;
				GCC_PREPROCESSOR_DEFINITIONS = (
					"DEBUG=1",
					"$(inherited)",
				);
				GCC_WARN_64_TO_32_BIT_CONVERSION = YES;
				GCC_WARN_ABOUT_RETURN_TYPE = YES_ERROR;
				GCC_WARN_UNDECLARED_SELECTOR = YES;
				GCC_WARN_UNINITIALIZED_AUTOS = YES_AGGRESSIVE;
				GCC_WARN_UNUSED_FUNCTION = YES;
				GCC_WARN_UNUSED_VARIABLE = YES;
				IPHONEOS_DEPLOYMENT_TARGET = 14.4;
				MTL_ENABLE_DEBUG_INFO = INCLUDE_SOURCE;
				MTL_FAST_MATH = YES;
				ONLY_ACTIVE_ARCH = YES;
				SDKROOT = iphoneos;
				SWIFT_ACTIVE_COMPILATION_CONDITIONS = DEBUG;
				SWIFT_OPTIMIZATION_LEVEL = "-Onone";
			};
			name = Debug;
		};
		97EAF7A3260103E3004201DD /* Release */ = {
			isa = XCBuildConfiguration;
			buildSettings = {
				ALWAYS_SEARCH_USER_PATHS = NO;
				CLANG_ANALYZER_NONNULL = YES;
				CLANG_ANALYZER_NUMBER_OBJECT_CONVERSION = YES_AGGRESSIVE;
				CLANG_CXX_LANGUAGE_STANDARD = "gnu++14";
				CLANG_CXX_LIBRARY = "libc++";
				CLANG_ENABLE_MODULES = YES;
				CLANG_ENABLE_OBJC_ARC = YES;
				CLANG_ENABLE_OBJC_WEAK = YES;
				CLANG_WARN_BLOCK_CAPTURE_AUTORELEASING = YES;
				CLANG_WARN_BOOL_CONVERSION = YES;
				CLANG_WARN_COMMA = YES;
				CLANG_WARN_CONSTANT_CONVERSION = YES;
				CLANG_WARN_DEPRECATED_OBJC_IMPLEMENTATIONS = YES;
				CLANG_WARN_DIRECT_OBJC_ISA_USAGE = YES_ERROR;
				CLANG_WARN_DOCUMENTATION_COMMENTS = YES;
				CLANG_WARN_EMPTY_BODY = YES;
				CLANG_WARN_ENUM_CONVERSION = YES;
				CLANG_WARN_INFINITE_RECURSION = YES;
				CLANG_WARN_INT_CONVERSION = YES;
				CLANG_WARN_NON_LITERAL_NULL_CONVERSION = YES;
				CLANG_WARN_OBJC_IMPLICIT_RETAIN_SELF = YES;
				CLANG_WARN_OBJC_LITERAL_CONVERSION = YES;
				CLANG_WARN_OBJC_ROOT_CLASS = YES_ERROR;
				CLANG_WARN_QUOTED_INCLUDE_IN_FRAMEWORK_HEADER = YES;
				CLANG_WARN_RANGE_LOOP_ANALYSIS = YES;
				CLANG_WARN_STRICT_PROTOTYPES = YES;
				CLANG_WARN_SUSPICIOUS_MOVE = YES;
				CLANG_WARN_UNGUARDED_AVAILABILITY = YES_AGGRESSIVE;
				CLANG_WARN_UNREACHABLE_CODE = YES;
				CLANG_WARN__DUPLICATE_METHOD_MATCH = YES;
				COPY_PHASE_STRIP = NO;
				DEBUG_INFORMATION_FORMAT = "dwarf-with-dsym";
				ENABLE_NS_ASSERTIONS = NO;
				ENABLE_STRICT_OBJC_MSGSEND = YES;
				GCC_C_LANGUAGE_STANDARD = gnu11;
				GCC_NO_COMMON_BLOCKS = YES;
				GCC_WARN_64_TO_32_BIT_CONVERSION = YES;
				GCC_WARN_ABOUT_RETURN_TYPE = YES_ERROR;
				GCC_WARN_UNDECLARED_SELECTOR = YES;
				GCC_WARN_UNINITIALIZED_AUTOS = YES_AGGRESSIVE;
				GCC_WARN_UNUSED_FUNCTION = YES;
				GCC_WARN_UNUSED_VARIABLE = YES;
				IPHONEOS_DEPLOYMENT_TARGET = 14.4;
				MTL_ENABLE_DEBUG_INFO = NO;
				MTL_FAST_MATH = YES;
				SDKROOT = iphoneos;
				SWIFT_COMPILATION_MODE = wholemodule;
				SWIFT_OPTIMIZATION_LEVEL = "-O";
				VALIDATE_PRODUCT = YES;
			};
			name = Release;
		};
		97EAF7A5260103E3004201DD /* Debug */ = {
			isa = XCBuildConfiguration;
			buildSettings = {
				ASSETCATALOG_COMPILER_APPICON_NAME = AppIcon;
				ASSETCATALOG_COMPILER_GLOBAL_ACCENT_COLOR_NAME = AccentColor;
				CODE_SIGN_ENTITLEMENTS = UltimatePortfolio/Configuration/UltimatePortfolio.entitlements;
				CODE_SIGN_STYLE = Automatic;
				DEVELOPMENT_ASSET_PATHS = "\"UltimatePortfolio/Preview Content\"";
				DEVELOPMENT_TEAM = 548X9JAQV4;
				ENABLE_PREVIEWS = YES;
				INFOPLIST_FILE = UltimatePortfolio/Configuration/Info.plist;
				IPHONEOS_DEPLOYMENT_TARGET = 14.0;
				LD_RUNPATH_SEARCH_PATHS = (
					"$(inherited)",
					"@executable_path/Frameworks",
				);
				PRODUCT_BUNDLE_IDENTIFIER = com.davidhughes.UltimatePortfolio;
				PRODUCT_NAME = "$(TARGET_NAME)";
				SWIFT_VERSION = 5.0;
				TARGETED_DEVICE_FAMILY = "1,2";
			};
			name = Debug;
		};
		97EAF7A6260103E3004201DD /* Release */ = {
			isa = XCBuildConfiguration;
			buildSettings = {
				ASSETCATALOG_COMPILER_APPICON_NAME = AppIcon;
				ASSETCATALOG_COMPILER_GLOBAL_ACCENT_COLOR_NAME = AccentColor;
				CODE_SIGN_ENTITLEMENTS = UltimatePortfolio/Configuration/UltimatePortfolio.entitlements;
				CODE_SIGN_STYLE = Automatic;
				DEVELOPMENT_ASSET_PATHS = "\"UltimatePortfolio/Preview Content\"";
				DEVELOPMENT_TEAM = 548X9JAQV4;
				ENABLE_PREVIEWS = YES;
				INFOPLIST_FILE = UltimatePortfolio/Configuration/Info.plist;
				IPHONEOS_DEPLOYMENT_TARGET = 14.0;
				LD_RUNPATH_SEARCH_PATHS = (
					"$(inherited)",
					"@executable_path/Frameworks",
				);
				PRODUCT_BUNDLE_IDENTIFIER = com.davidhughes.UltimatePortfolio;
				PRODUCT_NAME = "$(TARGET_NAME)";
				SWIFT_VERSION = 5.0;
				TARGETED_DEVICE_FAMILY = "1,2";
			};
			name = Release;
		};
/* End XCBuildConfiguration section */

/* Begin XCConfigurationList section */
		97EAF790260103E3004201DD /* Build configuration list for PBXProject "UltimatePortfolio" */ = {
			isa = XCConfigurationList;
			buildConfigurations = (
				97EAF7A2260103E3004201DD /* Debug */,
				97EAF7A3260103E3004201DD /* Release */,
			);
			defaultConfigurationIsVisible = 0;
			defaultConfigurationName = Release;
		};
		97EAF7A4260103E3004201DD /* Build configuration list for PBXNativeTarget "UltimatePortfolio" */ = {
			isa = XCConfigurationList;
			buildConfigurations = (
				97EAF7A5260103E3004201DD /* Debug */,
				97EAF7A6260103E3004201DD /* Release */,
			);
			defaultConfigurationIsVisible = 0;
			defaultConfigurationName = Release;
		};
/* End XCConfigurationList section */

/* Begin XCVersionGroup section */
		97EB8E2326010F3C00686A52 /* Main.xcdatamodeld */ = {
			isa = XCVersionGroup;
			children = (
				97EB8E2426010F3C00686A52 /* Main.xcdatamodel */,
			);
			currentVersion = 97EB8E2426010F3C00686A52 /* Main.xcdatamodel */;
			path = Main.xcdatamodeld;
			sourceTree = "<group>";
			versionGroupType = wrapper.xcdatamodel;
		};
/* End XCVersionGroup section */
	};
	rootObject = 97EAF78D260103E3004201DD /* Project object */;
}
